<Solution>
  <Project Path="mvc.Tests/mvc.Tests.csproj" />
  <Project Path="mvc/mvc.csproj" />
  <Project Path="Services/Services.csproj" />
  <Project Path="UserAdmin/UserAdmin.csproj" />
  <Project Path="backup/backup.csproj" />
  <Project Path="TempMigrate/TempMigrate.csproj" />
  <Project Path="wikitext/wikitext.csproj" />
</Solution>
